
Microsoft Visual Studio Solution File, Format Version 12.00
# Visual Studio Version 16
VisualStudioVersion = 16.0.29418.71
MinimumVisualStudioVersion = 10.0.40219.1
Project("{FAE04EC0-301F-11D3-BF4B-00C04F79EFBC}") = "MyScriptureJournal", "MyScriptureJournal.csproj", "{C9CEFDC4-F718-4B3B-90FA-FD2FDB5994B4}"
EndProject
Global
	GlobalSection(SolutionConfigurationPlatforms) = preSolution
		Debug|Any CPU = Debug|Any CPU
		Release|Any CPU = Release|Any CPU
	EndGlobalSection
	GlobalSection(ProjectConfigurationPlatforms) = postSolution
		{C9CEFDC4-F718-4B3B-90FA-FD2FDB5994B4}.Debug|Any CPU.ActiveCfg = Debug|Any CPU
		{C9CEFDC4-F718-4B3B-90FA-FD2FDB5994B4}.Debug|Any CPU.Build.0 = Debug|Any CPU
		{C9CEFDC4-F718-4B3B-90FA-FD2FDB5994B4}.Release|Any CPU.ActiveCfg = Release|Any CPU
		{C9CEFDC4-F718-4B3B-90FA-FD2FDB5994B4}.Release|Any CPU.Build.0 = Release|Any CPU
	EndGlobalSection
	GlobalSection(SolutionProperties) = preSolution
		HideSolutionNode = FALSE
	EndGlobalSection
	GlobalSection(ExtensibilityGlobals) = postSolution
		SolutionGuid = {0BF2E7C9-B72D-42ED-AC31-3C9860C6A21B}
	EndGlobalSection
EndGlobal
